
Microsoft Visual Studio Solution File, Format Version 12.00
# Visual Studio 15
VisualStudioVersion = 15.0.28307.438
MinimumVisualStudioVersion = 10.0.40219.1
Project("{9A19103F-16F7-4668-BE54-9A1E7A4F7556}") = "CompilerFramework", "CompilerFramework\CompilerFramework.csproj", "{94E5582E-81B6-4780-8C2C-6F90234C4C95}"
EndProject
Project("{9A19103F-16F7-4668-BE54-9A1E7A4F7556}") = "CompileFrameworkNUnitTest", "CompilerFrameworkNUnitTest\CompileFrameworkNUnitTest.csproj", "{0D28D9F3-C186-4AC8-9D94-17230F2014F1}"
EndProject
Project("{FAE04EC0-301F-11D3-BF4B-00C04F79EFBC}") = "CompilerFrameworkDemo", "CompilerFrameworkDemo\CompilerFrameworkDemo.csproj", "{1563BA4C-7618-400A-9B70-FDAC60C2F3B2}"
EndProject
Global
	GlobalSection(SolutionConfigurationPlatforms) = preSolution
		Debug|Any CPU = Debug|Any CPU
		Release|Any CPU = Release|Any CPU
	EndGlobalSection
	GlobalSection(ProjectConfigurationPlatforms) = postSolution
		{94E5582E-81B6-4780-8C2C-6F90234C4C95}.Debug|Any CPU.ActiveCfg = Debug|Any CPU
		{94E5582E-81B6-4780-8C2C-6F90234C4C95}.Debug|Any CPU.Build.0 = Debug|Any CPU
		{94E5582E-81B6-4780-8C2C-6F90234C4C95}.Release|Any CPU.ActiveCfg = Release|Any CPU
		{94E5582E-81B6-4780-8C2C-6F90234C4C95}.Release|Any CPU.Build.0 = Release|Any CPU
		{0D28D9F3-C186-4AC8-9D94-17230F2014F1}.Debug|Any CPU.ActiveCfg = Debug|Any CPU
		{0D28D9F3-C186-4AC8-9D94-17230F2014F1}.Debug|Any CPU.Build.0 = Debug|Any CPU
		{0D28D9F3-C186-4AC8-9D94-17230F2014F1}.Release|Any CPU.ActiveCfg = Release|Any CPU
		{0D28D9F3-C186-4AC8-9D94-17230F2014F1}.Release|Any CPU.Build.0 = Release|Any CPU
		{1563BA4C-7618-400A-9B70-FDAC60C2F3B2}.Debug|Any CPU.ActiveCfg = Debug|Any CPU
		{1563BA4C-7618-400A-9B70-FDAC60C2F3B2}.Debug|Any CPU.Build.0 = Debug|Any CPU
		{1563BA4C-7618-400A-9B70-FDAC60C2F3B2}.Release|Any CPU.ActiveCfg = Release|Any CPU
		{1563BA4C-7618-400A-9B70-FDAC60C2F3B2}.Release|Any CPU.Build.0 = Release|Any CPU
	EndGlobalSection
	GlobalSection(SolutionProperties) = preSolution
		HideSolutionNode = FALSE
	EndGlobalSection
	GlobalSection(ExtensibilityGlobals) = postSolution
		SolutionGuid = {92A22790-C5A9-4F89-BC84-990F8F82B71B}
	EndGlobalSection
EndGlobal
